
Microsoft Visual Studio Solution File, Format Version 12.00
# Visual Studio Version 17
VisualStudioVersion = 17.14.36616.10 d17.14
MinimumVisualStudioVersion = 10.0.40219.1
Project("{FAE04EC0-301F-11D3-BF4B-00C04F79EFBC}") = "csharp-calculator-oop", "csharp-calculator-oop.csproj", "{F657B715-6DCE-4710-8041-FB8C7C45295A}"
EndProject
Global
	GlobalSection(SolutionConfigurationPlatforms) = preSolution
		Debug|Any CPU = Debug|Any CPU
		Release|Any CPU = Release|Any CPU
	EndGlobalSection
	GlobalSection(ProjectConfigurationPlatforms) = postSolution
		{F657B715-6DCE-4710-8041-FB8C7C45295A}.Debug|Any CPU.ActiveCfg = Debug|Any CPU
		{F657B715-6DCE-4710-8041-FB8C7C45295A}.Debug|Any CPU.Build.0 = Debug|Any CPU
		{F657B715-6DCE-4710-8041-FB8C7C45295A}.Release|Any CPU.ActiveCfg = Release|Any CPU
		{F657B715-6DCE-4710-8041-FB8C7C45295A}.Release|Any CPU.Build.0 = Release|Any CPU
	EndGlobalSection
	GlobalSection(SolutionProperties) = preSolution
		HideSolutionNode = FALSE
	EndGlobalSection
	GlobalSection(ExtensibilityGlobals) = postSolution
		SolutionGuid = {282DC2E3-7FD5-47A1-93FE-FB15B5B818B6}
	EndGlobalSection
EndGlobal
